// !$*UTF8*$!
{
	archiveVersion = 1;
	classes = {
	};
	objectVersion = 50;
	objects = {

/* Begin PBXBuildFile section */
		7FE64C8423B68EF3001C2F67 /* sdl_shooter.c in Sources */ = {isa = PBXBuildFile; fileRef = 7FE64C7023B68EF3001C2F67 /* sdl_shooter.c */; };
		7FE64C8523B68EF3001C2F67 /* Makefile in Sources */ = {isa = PBXBuildFile; fileRef = 7FE64C7423B68EF3001C2F67 /* Makefile */; };
		7FE64C8623B68EF3001C2F67 /* explosion.c in Sources */ = {isa = PBXBuildFile; fileRef = 7FE64C7623B68EF3001C2F67 /* explosion.c */; };
		7FE64C8723B68EF3001C2F67 /* powerup.c in Sources */ = {isa = PBXBuildFile; fileRef = 7FE64C7723B68EF3001C2F67 /* powerup.c */; };
		7FE64C8823B68EF3001C2F67 /* screen_game.c in Sources */ = {isa = PBXBuildFile; fileRef = 7FE64C7923B68EF3001C2F67 /* screen_game.c */; };
		7FE64C8923B68EF3001C2F67 /* ship.c in Sources */ = {isa = PBXBuildFile; fileRef = 7FE64C7A23B68EF3001C2F67 /* ship.c */; };
		7FE64C8A23B68EF3001C2F67 /* bullet.c in Sources */ = {isa = PBXBuildFile; fileRef = 7FE64C7B23B68EF3001C2F67 /* bullet.c */; };
		7FE64C8B23B68EF3001C2F67 /* screen_title.c in Sources */ = {isa = PBXBuildFile; fileRef = 7FE64C7E23B68EF3001C2F67 /* screen_title.c */; };
		7FE64C8C23B68EF3001C2F67 /* linked_list.c in Sources */ = {isa = PBXBuildFile; fileRef = 7FE64C7F23B68EF3001C2F67 /* linked_list.c */; };
		7FE64C8D23B68EF3001C2F67 /* level_reader.c in Sources */ = {isa = PBXBuildFile; fileRef = 7FE64C8123B68EF3001C2F67 /* level_reader.c */; };
		7FE64C8E23B68EF3001C2F67 /* enemy.c in Sources */ = {isa = PBXBuildFile; fileRef = 7FE64C8223B68EF3001C2F67 /* enemy.c */; };
		7FE64C9423B6909F001C2F67 /* SDL2.framework in Frameworks */ = {isa = PBXBuildFile; fileRef = 7FE64C9323B6909E001C2F67 /* SDL2.framework */; };
		7FE64C9623B690B5001C2F67 /* SDL2_ttf.framework in Frameworks */ = {isa = PBXBuildFile; fileRef = 7FE64C9523B690B4001C2F67 /* SDL2_ttf.framework */; };
		7FE64C9823B690D1001C2F67 /* SDL2_mixer.framework in Frameworks */ = {isa = PBXBuildFile; fileRef = 7FE64C9723B690D0001C2F67 /* SDL2_mixer.framework */; };
		7FE64C9923B6942A001C2F67 /* assets in CopyFiles */ = {isa = PBXBuildFile; fileRef = 7FE64C8F23B68F54001C2F67 /* assets */; };
/* End PBXBuildFile section */

/* Begin PBXCopyFilesBuildPhase section */
		7FE64C6223B68E9B001C2F67 /* CopyFiles */ = {
			isa = PBXCopyFilesBuildPhase;
			buildActionMask = 12;
			dstPath = "";
			dstSubfolderSpec = 16;
			files = (
				7FE64C9923B6942A001C2F67 /* assets in CopyFiles */,
			);
			runOnlyForDeploymentPostprocessing = 0;
		};
/* End PBXCopyFilesBuildPhase section */

/* Begin PBXFileReference section */
		7FE64C6423B68E9B001C2F67 /* sdl-shooter-mac */ = {isa = PBXFileReference; explicitFileType = "compiled.mach-o.executable"; includeInIndex = 0; path = "sdl-shooter-mac"; sourceTree = BUILT_PRODUCTS_DIR; };
		7FE64C6E23B68EF3001C2F67 /* notes.txt */ = {isa = PBXFileReference; fileEncoding = 4; lastKnownFileType = text; name = notes.txt; path = ../../../notes.txt; sourceTree = "<group>"; };
		7FE64C6F23B68EF3001C2F67 /* linked_list.h */ = {isa = PBXFileReference; fileEncoding = 4; lastKnownFileType = sourcecode.c.h; name = linked_list.h; path = ../../../linked_list.h; sourceTree = "<group>"; };
		7FE64C7023B68EF3001C2F67 /* sdl_shooter.c */ = {isa = PBXFileReference; fileEncoding = 4; lastKnownFileType = sourcecode.c.c; name = sdl_shooter.c; path = ../../../sdl_shooter.c; sourceTree = "<group>"; };
		7FE64C7123B68EF3001C2F67 /* ship.h */ = {isa = PBXFileReference; fileEncoding = 4; lastKnownFileType = sourcecode.c.h; name = ship.h; path = ../../../ship.h; sourceTree = "<group>"; };
		7FE64C7223B68EF3001C2F67 /* screen_title.h */ = {isa = PBXFileReference; fileEncoding = 4; lastKnownFileType = sourcecode.c.h; name = screen_title.h; path = ../../../screen_title.h; sourceTree = "<group>"; };
		7FE64C7323B68EF3001C2F67 /* bullet.h */ = {isa = PBXFileReference; fileEncoding = 4; lastKnownFileType = sourcecode.c.h; name = bullet.h; path = ../../../bullet.h; sourceTree = "<group>"; };
		7FE64C7423B68EF3001C2F67 /* Makefile */ = {isa = PBXFileReference; fileEncoding = 4; lastKnownFileType = sourcecode.make; name = Makefile; path = ../../../Makefile; sourceTree = "<group>"; };
		7FE64C7523B68EF3001C2F67 /* level_reader.h */ = {isa = PBXFileReference; fileEncoding = 4; lastKnownFileType = sourcecode.c.h; name = level_reader.h; path = ../../../level_reader.h; sourceTree = "<group>"; };
		7FE64C7623B68EF3001C2F67 /* explosion.c */ = {isa = PBXFileReference; fileEncoding = 4; lastKnownFileType = sourcecode.c.c; name = explosion.c; path = ../../../explosion.c; sourceTree = "<group>"; };
		7FE64C7723B68EF3001C2F67 /* powerup.c */ = {isa = PBXFileReference; fileEncoding = 4; lastKnownFileType = sourcecode.c.c; name = powerup.c; path = ../../../powerup.c; sourceTree = "<group>"; };
		7FE64C7823B68EF3001C2F67 /* powerup.h */ = {isa = PBXFileReference; fileEncoding = 4; lastKnownFileType = sourcecode.c.h; name = powerup.h; path = ../../../powerup.h; sourceTree = "<group>"; };
		7FE64C7923B68EF3001C2F67 /* screen_game.c */ = {isa = PBXFileReference; fileEncoding = 4; lastKnownFileType = sourcecode.c.c; name = screen_game.c; path = ../../../screen_game.c; sourceTree = "<group>"; };
		7FE64C7A23B68EF3001C2F67 /* ship.c */ = {isa = PBXFileReference; fileEncoding = 4; lastKnownFileType = sourcecode.c.c; name = ship.c; path = ../../../ship.c; sourceTree = "<group>"; };
		7FE64C7B23B68EF3001C2F67 /* bullet.c */ = {isa = PBXFileReference; fileEncoding = 4; lastKnownFileType = sourcecode.c.c; name = bullet.c; path = ../../../bullet.c; sourceTree = "<group>"; };
		7FE64C7C23B68EF3001C2F67 /* enemy.h */ = {isa = PBXFileReference; fileEncoding = 4; lastKnownFileType = sourcecode.c.h; name = enemy.h; path = ../../../enemy.h; sourceTree = "<group>"; };
		7FE64C7D23B68EF3001C2F67 /* screen_game.h */ = {isa = PBXFileReference; fileEncoding = 4; lastKnownFileType = sourcecode.c.h; name = screen_game.h; path = ../../../screen_game.h; sourceTree = "<group>"; };
		7FE64C7E23B68EF3001C2F67 /* screen_title.c */ = {isa = PBXFileReference; fileEncoding = 4; lastKnownFileType = sourcecode.c.c; name = screen_title.c; path = ../../../screen_title.c; sourceTree = "<group>"; };
		7FE64C7F23B68EF3001C2F67 /* linked_list.c */ = {isa = PBXFileReference; fileEncoding = 4; lastKnownFileType = sourcecode.c.c; name = linked_list.c; path = ../../../linked_list.c; sourceTree = "<group>"; };
		7FE64C8023B68EF3001C2F67 /* globals.h */ = {isa = PBXFileReference; fileEncoding = 4; lastKnownFileType = sourcecode.c.h; name = globals.h; path = ../../../globals.h; sourceTree = "<group>"; };
		7FE64C8123B68EF3001C2F67 /* level_reader.c */ = {isa = PBXFileReference; fileEncoding = 4; lastKnownFileType = sourcecode.c.c; name = level_reader.c; path = ../../../level_reader.c; sourceTree = "<group>"; };
		7FE64C8223B68EF3001C2F67 /* enemy.c */ = {isa = PBXFileReference; fileEncoding = 4; lastKnownFileType = sourcecode.c.c; name = enemy.c; path = ../../../enemy.c; sourceTree = "<group>"; };
		7FE64C8323B68EF3001C2F67 /* explosion.h */ = {isa = PBXFileReference; fileEncoding = 4; lastKnownFileType = sourcecode.c.h; name = explosion.h; path = ../../../explosion.h; sourceTree = "<group>"; };
		7FE64C8F23B68F54001C2F67 /* assets */ = {isa = PBXFileReference; lastKnownFileType = folder; name = assets; path = ../../../assets; sourceTree = "<group>"; };
		7FE64C9123B69089001C2F67 /* Library */ = {isa = PBXFileReference; lastKnownFileType = folder; name = Library; path = ../../../../../../Library; sourceTree = "<group>"; };
		7FE64C9323B6909E001C2F67 /* SDL2.framework */ = {isa = PBXFileReference; lastKnownFileType = wrapper.framework; name = SDL2.framework; path = ../../../../../../Library/Frameworks/SDL2.framework; sourceTree = "<group>"; };
		7FE64C9523B690B4001C2F67 /* SDL2_ttf.framework */ = {isa = PBXFileReference; lastKnownFileType = wrapper.framework; name = SDL2_ttf.framework; path = ../../../../../../Library/Frameworks/SDL2_ttf.framework; sourceTree = "<group>"; };
		7FE64C9723B690D0001C2F67 /* SDL2_mixer.framework */ = {isa = PBXFileReference; lastKnownFileType = wrapper.framework; name = SDL2_mixer.framework; path = ../../../../../../Library/Frameworks/SDL2_mixer.framework; sourceTree = "<group>"; };
/* End PBXFileReference section */

/* Begin PBXFrameworksBuildPhase section */
		7FE64C6123B68E9B001C2F67 /* Frameworks */ = {
			isa = PBXFrameworksBuildPhase;
			buildActionMask = 2147483647;
			files = (
				7FE64C9823B690D1001C2F67 /* SDL2_mixer.framework in Frameworks */,
				7FE64C9623B690B5001C2F67 /* SDL2_ttf.framework in Frameworks */,
				7FE64C9423B6909F001C2F67 /* SDL2.framework in Frameworks */,
			);
			runOnlyForDeploymentPostprocessing = 0;
		};
/* End PBXFrameworksBuildPhase section */

/* Begin PBXGroup section */
		7FE64C5B23B68E9B001C2F67 = {
			isa = PBXGroup;
			children = (
				7FE64C6623B68E9B001C2F67 /* sdl-shooter-mac */,
				7FE64C6523B68E9B001C2F67 /* Products */,
				7FE64C9023B69089001C2F67 /* Frameworks */,
			);
			sourceTree = "<group>";
		};
		7FE64C6523B68E9B001C2F67 /* Products */ = {
			isa = PBXGroup;
			children = (
				7FE64C6423B68E9B001C2F67 /* sdl-shooter-mac */,
			);
			name = Products;
			sourceTree = "<group>";
		};
		7FE64C6623B68E9B001C2F67 /* sdl-shooter-mac */ = {
			isa = PBXGroup;
			children = (
				7FE64C8F23B68F54001C2F67 /* assets */,
				7FE64C7B23B68EF3001C2F67 /* bullet.c */,
				7FE64C7323B68EF3001C2F67 /* bullet.h */,
				7FE64C8223B68EF3001C2F67 /* enemy.c */,
				7FE64C7C23B68EF3001C2F67 /* enemy.h */,
				7FE64C7623B68EF3001C2F67 /* explosion.c */,
				7FE64C8323B68EF3001C2F67 /* explosion.h */,
				7FE64C8023B68EF3001C2F67 /* globals.h */,
				7FE64C8123B68EF3001C2F67 /* level_reader.c */,
				7FE64C7523B68EF3001C2F67 /* level_reader.h */,
				7FE64C7F23B68EF3001C2F67 /* linked_list.c */,
				7FE64C6F23B68EF3001C2F67 /* linked_list.h */,
				7FE64C7423B68EF3001C2F67 /* Makefile */,
				7FE64C6E23B68EF3001C2F67 /* notes.txt */,
				7FE64C7723B68EF3001C2F67 /* powerup.c */,
				7FE64C7823B68EF3001C2F67 /* powerup.h */,
				7FE64C7923B68EF3001C2F67 /* screen_game.c */,
				7FE64C7D23B68EF3001C2F67 /* screen_game.h */,
				7FE64C7E23B68EF3001C2F67 /* screen_title.c */,
				7FE64C7223B68EF3001C2F67 /* screen_title.h */,
				7FE64C7023B68EF3001C2F67 /* sdl_shooter.c */,
				7FE64C7A23B68EF3001C2F67 /* ship.c */,
				7FE64C7123B68EF3001C2F67 /* ship.h */,
			);
			path = "sdl-shooter-mac";
			sourceTree = "<group>";
		};
		7FE64C9023B69089001C2F67 /* Frameworks */ = {
			isa = PBXGroup;
			children = (
				7FE64C9723B690D0001C2F67 /* SDL2_mixer.framework */,
				7FE64C9523B690B4001C2F67 /* SDL2_ttf.framework */,
				7FE64C9323B6909E001C2F67 /* SDL2.framework */,
				7FE64C9123B69089001C2F67 /* Library */,
			);
			name = Frameworks;
			sourceTree = "<group>";
		};
/* End PBXGroup section */

/* Begin PBXNativeTarget section */
		7FE64C6323B68E9B001C2F67 /* sdl-shooter-mac */ = {
			isa = PBXNativeTarget;
			buildConfigurationList = 7FE64C6B23B68E9B001C2F67 /* Build configuration list for PBXNativeTarget "sdl-shooter-mac" */;
			buildPhases = (
				7FE64C6023B68E9B001C2F67 /* Sources */,
				7FE64C6123B68E9B001C2F67 /* Frameworks */,
				7FE64C6223B68E9B001C2F67 /* CopyFiles */,
			);
			buildRules = (
			);
			dependencies = (
			);
			name = "sdl-shooter-mac";
			productName = "sdl-shooter-mac";
			productReference = 7FE64C6423B68E9B001C2F67 /* sdl-shooter-mac */;
			productType = "com.apple.product-type.tool";
		};
/* End PBXNativeTarget section */

/* Begin PBXProject section */
		7FE64C5C23B68E9B001C2F67 /* Project object */ = {
			isa = PBXProject;
			attributes = {
				LastUpgradeCheck = 1130;
				ORGANIZATIONNAME = "Levi D. Smith";
				TargetAttributes = {
					7FE64C6323B68E9B001C2F67 = {
						CreatedOnToolsVersion = 11.3;
					};
				};
			};
			buildConfigurationList = 7FE64C5F23B68E9B001C2F67 /* Build configuration list for PBXProject "sdl-shooter-mac" */;
			compatibilityVersion = "Xcode 9.3";
			developmentRegion = en;
			hasScannedForEncodings = 0;
			knownRegions = (
				en,
				Base,
			);
			mainGroup = 7FE64C5B23B68E9B001C2F67;
			productRefGroup = 7FE64C6523B68E9B001C2F67 /* Products */;
			projectDirPath = "";
			projectRoot = "";
			targets = (
				7FE64C6323B68E9B001C2F67 /* sdl-shooter-mac */,
			);
		};
/* End PBXProject section */

/* Begin PBXSourcesBuildPhase section */
		7FE64C6023B68E9B001C2F67 /* Sources */ = {
			isa = PBXSourcesBuildPhase;
			buildActionMask = 2147483647;
			files = (
				7FE64C8523B68EF3001C2F67 /* Makefile in Sources */,
				7FE64C8A23B68EF3001C2F67 /* bullet.c in Sources */,
				7FE64C8B23B68EF3001C2F67 /* screen_title.c in Sources */,
				7FE64C8623B68EF3001C2F67 /* explosion.c in Sources */,
				7FE64C8923B68EF3001C2F67 /* ship.c in Sources */,
				7FE64C8D23B68EF3001C2F67 /* level_reader.c in Sources */,
				7FE64C8E23B68EF3001C2F67 /* enemy.c in Sources */,
				7FE64C8423B68EF3001C2F67 /* sdl_shooter.c in Sources */,
				7FE64C8C23B68EF3001C2F67 /* linked_list.c in Sources */,
				7FE64C8723B68EF3001C2F67 /* powerup.c in Sources */,
				7FE64C8823B68EF3001C2F67 /* screen_game.c in Sources */,
			);
			runOnlyForDeploymentPostprocessing = 0;
		};
/* End PBXSourcesBuildPhase section */

/* Begin XCBuildConfiguration section */
		7FE64C6923B68E9B001C2F67 /* Debug */ = {
			isa = XCBuildConfiguration;
			buildSettings = {
				ALWAYS_SEARCH_USER_PATHS = NO;
				CLANG_ANALYZER_NONNULL = YES;
				CLANG_ANALYZER_NUMBER_OBJECT_CONVERSION = YES_AGGRESSIVE;
				CLANG_CXX_LANGUAGE_STANDARD = "gnu++14";
				CLANG_CXX_LIBRARY = "libc++";
				CLANG_ENABLE_MODULES = YES;
				CLANG_ENABLE_OBJC_ARC = YES;
				CLANG_ENABLE_OBJC_WEAK = YES;
				CLANG_WARN_BLOCK_CAPTURE_AUTORELEASING = YES;
				CLANG_WARN_BOOL_CONVERSION = YES;
				CLANG_WARN_COMMA = YES;
				CLANG_WARN_CONSTANT_CONVERSION = YES;
				CLANG_WARN_DEPRECATED_OBJC_IMPLEMENTATIONS = YES;
				CLANG_WARN_DIRECT_OBJC_ISA_USAGE = YES_ERROR;
				CLANG_WARN_DOCUMENTATION_COMMENTS = YES;
				CLANG_WARN_EMPTY_BODY = YES;
				CLANG_WARN_ENUM_CONVERSION = YES;
				CLANG_WARN_INFINITE_RECURSION = YES;
				CLANG_WARN_INT_CONVERSION = YES;
				CLANG_WARN_NON_LITERAL_NULL_CONVERSION = YES;
				CLANG_WARN_OBJC_IMPLICIT_RETAIN_SELF = YES;
				CLANG_WARN_OBJC_LITERAL_CONVERSION = YES;
				CLANG_WARN_OBJC_ROOT_CLASS = YES_ERROR;
				CLANG_WARN_RANGE_LOOP_ANALYSIS = YES;
				CLANG_WARN_STRICT_PROTOTYPES = YES;
				CLANG_WARN_SUSPICIOUS_MOVE = YES;
				CLANG_WARN_UNGUARDED_AVAILABILITY = YES_AGGRESSIVE;
				CLANG_WARN_UNREACHABLE_CODE = YES;
				CLANG_WARN__DUPLICATE_METHOD_MATCH = YES;
				COPY_PHASE_STRIP = NO;
				DEBUG_INFORMATION_FORMAT = dwarf;
				ENABLE_STRICT_OBJC_MSGSEND = YES;
				ENABLE_TESTABILITY = YES;
				GCC_C_LANGUAGE_STANDARD = gnu11;
				GCC_DYNAMIC_NO_PIC = NO;
				GCC_NO_COMMON_BLOCKS = YES;
				GCC_OPTIMIZATION_LEVEL = 0;
				GCC_PREPROCESSOR_DEFINITIONS = (
					"DEBUG=1",
					"$(inherited)",
				);
				GCC_WARN_64_TO_32_BIT_CONVERSION = YES;
				GCC_WARN_ABOUT_RETURN_TYPE = YES_ERROR;
				GCC_WARN_UNDECLARED_SELECTOR = YES;
				GCC_WARN_UNINITIALIZED_AUTOS = YES_AGGRESSIVE;
				GCC_WARN_UNUSED_FUNCTION = YES;
				GCC_WARN_UNUSED_VARIABLE = YES;
				MACOSX_DEPLOYMENT_TARGET = 10.15;
				MTL_ENABLE_DEBUG_INFO = INCLUDE_SOURCE;
				MTL_FAST_MATH = YES;
				ONLY_ACTIVE_ARCH = YES;
				SDKROOT = macosx;
			};
			name = Debug;
		};
		7FE64C6A23B68E9B001C2F67 /* Release */ = {
			isa = XCBuildConfiguration;
			buildSettings = {
				ALWAYS_SEARCH_USER_PATHS = NO;
				CLANG_ANALYZER_NONNULL = YES;
				CLANG_ANALYZER_NUMBER_OBJECT_CONVERSION = YES_AGGRESSIVE;
				CLANG_CXX_LANGUAGE_STANDARD = "gnu++14";
				CLANG_CXX_LIBRARY = "libc++";
				CLANG_ENABLE_MODULES = YES;
				CLANG_ENABLE_OBJC_ARC = YES;
				CLANG_ENABLE_OBJC_WEAK = YES;
				CLANG_WARN_BLOCK_CAPTURE_AUTORELEASING = YES;
				CLANG_WARN_BOOL_CONVERSION = YES;
				CLANG_WARN_COMMA = YES;
				CLANG_WARN_CONSTANT_CONVERSION = YES;
				CLANG_WARN_DEPRECATED_OBJC_IMPLEMENTATIONS = YES;
				CLANG_WARN_DIRECT_OBJC_ISA_USAGE = YES_ERROR;
				CLANG_WARN_DOCUMENTATION_COMMENTS = YES;
				CLANG_WARN_EMPTY_BODY = YES;
				CLANG_WARN_ENUM_CONVERSION = YES;
				CLANG_WARN_INFINITE_RECURSION = YES;
				CLANG_WARN_INT_CONVERSION = YES;
				CLANG_WARN_NON_LITERAL_NULL_CONVERSION = YES;
				CLANG_WARN_OBJC_IMPLICIT_RETAIN_SELF = YES;
				CLANG_WARN_OBJC_LITERAL_CONVERSION = YES;
				CLANG_WARN_OBJC_ROOT_CLASS = YES_ERROR;
				CLANG_WARN_RANGE_LOOP_ANALYSIS = YES;
				CLANG_WARN_STRICT_PROTOTYPES = YES;
				CLANG_WARN_SUSPICIOUS_MOVE = YES;
				CLANG_WARN_UNGUARDED_AVAILABILITY = YES_AGGRESSIVE;
				CLANG_WARN_UNREACHABLE_CODE = YES;
				CLANG_WARN__DUPLICATE_METHOD_MATCH = YES;
				COPY_PHASE_STRIP = NO;
				DEBUG_INFORMATION_FORMAT = "dwarf-with-dsym";
				ENABLE_NS_ASSERTIONS = NO;
				ENABLE_STRICT_OBJC_MSGSEND = YES;
				GCC_C_LANGUAGE_STANDARD = gnu11;
				GCC_NO_COMMON_BLOCKS = YES;
				GCC_WARN_64_TO_32_BIT_CONVERSION = YES;
				GCC_WARN_ABOUT_RETURN_TYPE = YES_ERROR;
				GCC_WARN_UNDECLARED_SELECTOR = YES;
				GCC_WARN_UNINITIALIZED_AUTOS = YES_AGGRESSIVE;
				GCC_WARN_UNUSED_FUNCTION = YES;
				GCC_WARN_UNUSED_VARIABLE = YES;
				MACOSX_DEPLOYMENT_TARGET = 10.15;
				MTL_ENABLE_DEBUG_INFO = NO;
				MTL_FAST_MATH = YES;
				SDKROOT = macosx;
			};
			name = Release;
		};
		7FE64C6C23B68E9B001C2F67 /* Debug */ = {
			isa = XCBuildConfiguration;
			buildSettings = {
				CODE_SIGN_STYLE = Automatic;
				FRAMEWORK_SEARCH_PATHS = (
					"$(inherited)",
					"$(LOCAL_LIBRARY_DIR)/Frameworks",
				);
				PRODUCT_NAME = "$(TARGET_NAME)";
			};
			name = Debug;
		};
		7FE64C6D23B68E9B001C2F67 /* Release */ = {
			isa = XCBuildConfiguration;
			buildSettings = {
				CODE_SIGN_STYLE = Automatic;
				FRAMEWORK_SEARCH_PATHS = (
					"$(inherited)",
					"$(LOCAL_LIBRARY_DIR)/Frameworks",
				);
				PRODUCT_NAME = "$(TARGET_NAME)";
			};
			name = Release;
		};
/* End XCBuildConfiguration section */

/* Begin XCConfigurationList section */
		7FE64C5F23B68E9B001C2F67 /* Build configuration list for PBXProject "sdl-shooter-mac" */ = {
			isa = XCConfigurationList;
			buildConfigurations = (
				7FE64C6923B68E9B001C2F67 /* Debug */,
				7FE64C6A23B68E9B001C2F67 /* Release */,
			);
			defaultConfigurationIsVisible = 0;
			defaultConfigurationName = Release;
		};
		7FE64C6B23B68E9B001C2F67 /* Build configuration list for PBXNativeTarget "sdl-shooter-mac" */ = {
			isa = XCConfigurationList;
			buildConfigurations = (
				7FE64C6C23B68E9B001C2F67 /* Debug */,
				7FE64C6D23B68E9B001C2F67 /* Release */,
			);
			defaultConfigurationIsVisible = 0;
			defaultConfigurationName = Release;
		};
/* End XCConfigurationList section */
	};
	rootObject = 7FE64C5C23B68E9B001C2F67 /* Project object */;
}
